{
  "object": {
    "pins": [
      {
        "package": "Alamofire",
        "repositoryURL": "https://github.com/Alamofire/Alamofire.git",
        "state": {
          "branch": null,
          "revision": "eaf6e622dd41b07b251d8f01752eab31bc811493",
          "version": "5.4.1"
        }
      },
      {
        "package": "chipscanlib-swift",
        "repositoryURL": "https://github.com/VivoKey/chipscanlib-ios.git",
        "state": {
          "branch": "master",
          "revision": "82a6e4752f010fa56ff5d5a2994ab1166766213c",
          "version": null
        }
      }
    ]
  },
  "version": 1
}
