{
  "object": {
    "pins": [
      {
        "package": "Alamofire",
        "repositoryURL": "https://github.com/Alamofire/Alamofire.git",
        "state": {
          "branch": null,
          "revision": "eaf6e622dd41b07b251d8f01752eab31bc811493",
          "version": "5.4.1"
        }
      },
      {
        "package": "ChipscanlibSwift",
        "repositoryURL": "https://github.com/VivoKey/chipscanlib-ios.git",
        "state": {
          "branch": "master",
          "revision": "3e63ef3a5c066c62f72753a68ef394d8474e8460",
          "version": null
        }
      }
    ]
  },
  "version": 1
}
